
Microsoft Visual Studio Solution File, Format Version 12.00
# Visual Studio 14
VisualStudioVersion = 14.0.25123.0
MinimumVisualStudioVersion = 10.0.40219.1
Project("{FAE04EC0-301F-11D3-BF4B-00C04F79EFBC}") = "TowerOfHanoi", "TowerOfHanoi\TowerOfHanoi.csproj", "{271F31C1-3FC7-4E28-97E0-E3477AE046E2}"
EndProject
Project("{FAE04EC0-301F-11D3-BF4B-00C04F79EFBC}") = "Test", "Test\Test.csproj", "{812EFB07-009D-4B63-A928-E6EAC38CE84C}"
EndProject
Global
	GlobalSection(SolutionConfigurationPlatforms) = preSolution
		Debug|Any CPU = Debug|Any CPU
		Release|Any CPU = Release|Any CPU
	EndGlobalSection
	GlobalSection(ProjectConfigurationPlatforms) = postSolution
		{271F31C1-3FC7-4E28-97E0-E3477AE046E2}.Debug|Any CPU.ActiveCfg = Debug|Any CPU
		{271F31C1-3FC7-4E28-97E0-E3477AE046E2}.Debug|Any CPU.Build.0 = Debug|Any CPU
		{271F31C1-3FC7-4E28-97E0-E3477AE046E2}.Release|Any CPU.ActiveCfg = Release|Any CPU
		{271F31C1-3FC7-4E28-97E0-E3477AE046E2}.Release|Any CPU.Build.0 = Release|Any CPU
		{812EFB07-009D-4B63-A928-E6EAC38CE84C}.Debug|Any CPU.ActiveCfg = Debug|Any CPU
		{812EFB07-009D-4B63-A928-E6EAC38CE84C}.Debug|Any CPU.Build.0 = Debug|Any CPU
		{812EFB07-009D-4B63-A928-E6EAC38CE84C}.Release|Any CPU.ActiveCfg = Release|Any CPU
		{812EFB07-009D-4B63-A928-E6EAC38CE84C}.Release|Any CPU.Build.0 = Release|Any CPU
	EndGlobalSection
	GlobalSection(SolutionProperties) = preSolution
		HideSolutionNode = FALSE
	EndGlobalSection
EndGlobal
